{
  "requires": true,
  "lockfileVersion": 1,
  "dependencies": {
    "@types/prop-types": {
      "version": "15.7.3",
      "resolved": "https://www.myget.org/F/onetechnologies/auth/bd4ed1e5-ad6d-49a6-9d88-ed9dbe06d530/npm/@types/prop-types/-/@types/prop-types-15.7.3.tgz",
      "integrity": "sha1-KrDV2i5YFflLC51LldHl8kOrLKc=",
      "dev": true
    },
    "@types/react": {
      "version": "16.9.43",
      "resolved": "https://www.myget.org/F/onetechnologies/auth/bd4ed1e5-ad6d-49a6-9d88-ed9dbe06d530/npm/@types/react/-/@types/react-16.9.43.tgz",
      "integrity": "sha1-wofyP2GJZm7jvrwuuND4S8ts22s=",
      "dev": true,
      "requires": {
        "@types/prop-types": "*",
        "csstype": "^2.2.0"
      }
    },
    "csstype": {
      "version": "2.6.11",
      "resolved": "https://www.myget.org/F/onetechnologies/auth/bd4ed1e5-ad6d-49a6-9d88-ed9dbe06d530/npm/csstype/-/csstype-2.6.11.tgz",
      "integrity": "sha1-RS9NAkFJ7PJgqFKwJeNlYqJT/8U=",
      "dev": true
    }
  }
}
